
Microsoft Visual Studio Solution File, Format Version 12.00
# Visual Studio 2013
VisualStudioVersion = 12.0.21005.1
MinimumVisualStudioVersion = 10.0.40219.1
Project("{FAE04EC0-301F-11D3-BF4B-00C04F79EFBC}") = "React.Sample.Mvc4", "React.Sample.Mvc4\React.Sample.Mvc4.csproj", "{22796879-968A-4C26-9B4B-4C44792B36DB}"
EndProject
Project("{FAE04EC0-301F-11D3-BF4B-00C04F79EFBC}") = "React.Mvc4", "React.Mvc4\React.Mvc4.csproj", "{662D52AC-1EE9-4372-BD74-379F9AC56451}"
EndProject
Project("{2150E333-8FDC-42A3-9474-1A3956D46DE8}") = "Tests", "Tests", "{F567B25C-E869-4C93-9C96-077761250F87}"
EndProject
Project("{2150E333-8FDC-42A3-9474-1A3956D46DE8}") = "Samples", "Samples", "{A51CE5B6-294F-4D39-B32B-BF08DAF9B40B}"
EndProject
Project("{2150E333-8FDC-42A3-9474-1A3956D46DE8}") = "Library", "Library", "{681C45FB-103C-48BC-B992-20C5B6B78F92}"
EndProject
Project("{FAE04EC0-301F-11D3-BF4B-00C04F79EFBC}") = "React", "React\React.csproj", "{D0CC8A22-CEE6-485C-924B-1F94426FEA59}"
EndProject
Project("{FAE04EC0-301F-11D3-BF4B-00C04F79EFBC}") = "React.Tests", "React.Tests\React.Tests.csproj", "{D7C645EB-7B85-45D5-AAA6-CAD3DE704381}"
EndProject
Project("{2150E333-8FDC-42A3-9474-1A3956D46DE8}") = "Build", "Build", "{CB51F03F-49BD-4B79-8AD4-67962230E76B}"
	ProjectSection(SolutionItems) = preProject
		..\build.proj = ..\build.proj
	EndProjectSection
EndProject
Global
	GlobalSection(SolutionConfigurationPlatforms) = preSolution
		Debug|Any CPU = Debug|Any CPU
		Release|Any CPU = Release|Any CPU
	EndGlobalSection
	GlobalSection(ProjectConfigurationPlatforms) = postSolution
		{22796879-968A-4C26-9B4B-4C44792B36DB}.Debug|Any CPU.ActiveCfg = Debug|Any CPU
		{22796879-968A-4C26-9B4B-4C44792B36DB}.Debug|Any CPU.Build.0 = Debug|Any CPU
		{22796879-968A-4C26-9B4B-4C44792B36DB}.Release|Any CPU.ActiveCfg = Release|Any CPU
		{22796879-968A-4C26-9B4B-4C44792B36DB}.Release|Any CPU.Build.0 = Release|Any CPU
		{662D52AC-1EE9-4372-BD74-379F9AC56451}.Debug|Any CPU.ActiveCfg = Debug|Any CPU
		{662D52AC-1EE9-4372-BD74-379F9AC56451}.Debug|Any CPU.Build.0 = Debug|Any CPU
		{662D52AC-1EE9-4372-BD74-379F9AC56451}.Release|Any CPU.ActiveCfg = Release|Any CPU
		{662D52AC-1EE9-4372-BD74-379F9AC56451}.Release|Any CPU.Build.0 = Release|Any CPU
		{D0CC8A22-CEE6-485C-924B-1F94426FEA59}.Debug|Any CPU.ActiveCfg = Debug|Any CPU
		{D0CC8A22-CEE6-485C-924B-1F94426FEA59}.Debug|Any CPU.Build.0 = Debug|Any CPU
		{D0CC8A22-CEE6-485C-924B-1F94426FEA59}.Release|Any CPU.ActiveCfg = Release|Any CPU
		{D0CC8A22-CEE6-485C-924B-1F94426FEA59}.Release|Any CPU.Build.0 = Release|Any CPU
		{D7C645EB-7B85-45D5-AAA6-CAD3DE704381}.Debug|Any CPU.ActiveCfg = Debug|Any CPU
		{D7C645EB-7B85-45D5-AAA6-CAD3DE704381}.Debug|Any CPU.Build.0 = Debug|Any CPU
		{D7C645EB-7B85-45D5-AAA6-CAD3DE704381}.Release|Any CPU.ActiveCfg = Release|Any CPU
		{D7C645EB-7B85-45D5-AAA6-CAD3DE704381}.Release|Any CPU.Build.0 = Release|Any CPU
	EndGlobalSection
	GlobalSection(SolutionProperties) = preSolution
		HideSolutionNode = FALSE
	EndGlobalSection
	GlobalSection(NestedProjects) = preSolution
		{22796879-968A-4C26-9B4B-4C44792B36DB} = {A51CE5B6-294F-4D39-B32B-BF08DAF9B40B}
		{662D52AC-1EE9-4372-BD74-379F9AC56451} = {681C45FB-103C-48BC-B992-20C5B6B78F92}
		{D0CC8A22-CEE6-485C-924B-1F94426FEA59} = {681C45FB-103C-48BC-B992-20C5B6B78F92}
		{D7C645EB-7B85-45D5-AAA6-CAD3DE704381} = {F567B25C-E869-4C93-9C96-077761250F87}
	EndGlobalSection
EndGlobal
