
Microsoft Visual Studio Solution File, Format Version 12.00
# Visual Studio 2013
VisualStudioVersion = 12.0.21005.1
MinimumVisualStudioVersion = 10.0.40219.1
Project("{FAE04EC0-301F-11D3-BF4B-00C04F79EFBC}") = "React.Sample.Mvc4", "React.Sample.Mvc4\React.Sample.Mvc4.csproj", "{22796879-968A-4C26-9B4B-4C44792B36DB}"
EndProject
Project("{2150E333-8FDC-42A3-9474-1A3956D46DE8}") = "Tests", "Tests", "{F567B25C-E869-4C93-9C96-077761250F87}"
EndProject
Project("{2150E333-8FDC-42A3-9474-1A3956D46DE8}") = "Samples", "Samples", "{A51CE5B6-294F-4D39-B32B-BF08DAF9B40B}"
EndProject
Project("{2150E333-8FDC-42A3-9474-1A3956D46DE8}") = "Library", "Library", "{681C45FB-103C-48BC-B992-20C5B6B78F92}"
EndProject
Project("{FAE04EC0-301F-11D3-BF4B-00C04F79EFBC}") = "React", "React\React.csproj", "{D0CC8A22-CEE6-485C-924B-1F94426FEA59}"
EndProject
Project("{FAE04EC0-301F-11D3-BF4B-00C04F79EFBC}") = "React.Tests", "React.Tests\React.Tests.csproj", "{D7C645EB-7B85-45D5-AAA6-CAD3DE704381}"
EndProject
Project("{2150E333-8FDC-42A3-9474-1A3956D46DE8}") = "Build", "Build", "{CB51F03F-49BD-4B79-8AD4-67962230E76B}"
	ProjectSection(SolutionItems) = preProject
		..\build.proj = ..\build.proj
		..\dev-build-push.bat = ..\dev-build-push.bat
		..\dev-build.bat = ..\dev-build.bat
		..\README.md = ..\README.md
		..\release-build-push.bat = ..\release-build-push.bat
		..\release-build.bat = ..\release-build.bat
		SharedAssemblyInfo.cs = SharedAssemblyInfo.cs
		template.nuspec = template.nuspec
	EndProjectSection
EndProject
Project("{FAE04EC0-301F-11D3-BF4B-00C04F79EFBC}") = "React.Web", "React.Web\React.Web.csproj", "{134EDD16-8DC8-4983-A2E0-B38DAB1ECF1C}"
EndProject
Project("{FAE04EC0-301F-11D3-BF4B-00C04F79EFBC}") = "React.Web.Mvc4", "React.Web.Mvc4\React.Web.Mvc4.csproj", "{662D52AC-1EE9-4372-BD74-379F9AC56451}"
EndProject
Project("{FAE04EC0-301F-11D3-BF4B-00C04F79EFBC}") = "System.Web.Optimization.React", "System.Web.Optimization.React\System.Web.Optimization.React.csproj", "{889CEF81-75D6-4BAB-8E2C-B64B7CA97C77}"
EndProject
Project("{FAE04EC0-301F-11D3-BF4B-00C04F79EFBC}") = "React.Sample.Cassette", "React.Sample.Cassette\React.Sample.Cassette.csproj", "{F1EB6834-80A5-411C-90FD-CECC05715A10}"
EndProject
Project("{FAE04EC0-301F-11D3-BF4B-00C04F79EFBC}") = "Cassette.React", "Cassette.React\Cassette.React.csproj", "{F591F1E8-3D6B-494A-B72A-152FCCA6210D}"
EndProject
Project("{FAE04EC0-301F-11D3-BF4B-00C04F79EFBC}") = "React.Web.Mvc3", "React.Web.Mvc3\React.Web.Mvc3.csproj", "{6B05AF58-BA85-45A9-97AE-88B6B21317D7}"
EndProject
Global
	GlobalSection(SolutionConfigurationPlatforms) = preSolution
		Debug|Any CPU = Debug|Any CPU
		Release|Any CPU = Release|Any CPU
	EndGlobalSection
	GlobalSection(ProjectConfigurationPlatforms) = postSolution
		{22796879-968A-4C26-9B4B-4C44792B36DB}.Debug|Any CPU.ActiveCfg = Debug|Any CPU
		{22796879-968A-4C26-9B4B-4C44792B36DB}.Debug|Any CPU.Build.0 = Debug|Any CPU
		{22796879-968A-4C26-9B4B-4C44792B36DB}.Release|Any CPU.ActiveCfg = Release|Any CPU
		{22796879-968A-4C26-9B4B-4C44792B36DB}.Release|Any CPU.Build.0 = Release|Any CPU
		{D0CC8A22-CEE6-485C-924B-1F94426FEA59}.Debug|Any CPU.ActiveCfg = Debug|Any CPU
		{D0CC8A22-CEE6-485C-924B-1F94426FEA59}.Debug|Any CPU.Build.0 = Debug|Any CPU
		{D0CC8A22-CEE6-485C-924B-1F94426FEA59}.Release|Any CPU.ActiveCfg = Release|Any CPU
		{D0CC8A22-CEE6-485C-924B-1F94426FEA59}.Release|Any CPU.Build.0 = Release|Any CPU
		{D7C645EB-7B85-45D5-AAA6-CAD3DE704381}.Debug|Any CPU.ActiveCfg = Debug|Any CPU
		{D7C645EB-7B85-45D5-AAA6-CAD3DE704381}.Debug|Any CPU.Build.0 = Debug|Any CPU
		{D7C645EB-7B85-45D5-AAA6-CAD3DE704381}.Release|Any CPU.ActiveCfg = Release|Any CPU
		{D7C645EB-7B85-45D5-AAA6-CAD3DE704381}.Release|Any CPU.Build.0 = Release|Any CPU
		{134EDD16-8DC8-4983-A2E0-B38DAB1ECF1C}.Debug|Any CPU.ActiveCfg = Debug|Any CPU
		{134EDD16-8DC8-4983-A2E0-B38DAB1ECF1C}.Debug|Any CPU.Build.0 = Debug|Any CPU
		{134EDD16-8DC8-4983-A2E0-B38DAB1ECF1C}.Release|Any CPU.ActiveCfg = Release|Any CPU
		{134EDD16-8DC8-4983-A2E0-B38DAB1ECF1C}.Release|Any CPU.Build.0 = Release|Any CPU
		{662D52AC-1EE9-4372-BD74-379F9AC56451}.Debug|Any CPU.ActiveCfg = Debug|Any CPU
		{662D52AC-1EE9-4372-BD74-379F9AC56451}.Debug|Any CPU.Build.0 = Debug|Any CPU
		{662D52AC-1EE9-4372-BD74-379F9AC56451}.Release|Any CPU.ActiveCfg = Release|Any CPU
		{662D52AC-1EE9-4372-BD74-379F9AC56451}.Release|Any CPU.Build.0 = Release|Any CPU
		{889CEF81-75D6-4BAB-8E2C-B64B7CA97C77}.Debug|Any CPU.ActiveCfg = Debug|Any CPU
		{889CEF81-75D6-4BAB-8E2C-B64B7CA97C77}.Debug|Any CPU.Build.0 = Debug|Any CPU
		{889CEF81-75D6-4BAB-8E2C-B64B7CA97C77}.Release|Any CPU.ActiveCfg = Release|Any CPU
		{889CEF81-75D6-4BAB-8E2C-B64B7CA97C77}.Release|Any CPU.Build.0 = Release|Any CPU
		{F1EB6834-80A5-411C-90FD-CECC05715A10}.Debug|Any CPU.ActiveCfg = Debug|Any CPU
		{F1EB6834-80A5-411C-90FD-CECC05715A10}.Debug|Any CPU.Build.0 = Debug|Any CPU
		{F1EB6834-80A5-411C-90FD-CECC05715A10}.Release|Any CPU.ActiveCfg = Release|Any CPU
		{F1EB6834-80A5-411C-90FD-CECC05715A10}.Release|Any CPU.Build.0 = Release|Any CPU
		{F591F1E8-3D6B-494A-B72A-152FCCA6210D}.Debug|Any CPU.ActiveCfg = Debug|Any CPU
		{F591F1E8-3D6B-494A-B72A-152FCCA6210D}.Debug|Any CPU.Build.0 = Debug|Any CPU
		{F591F1E8-3D6B-494A-B72A-152FCCA6210D}.Release|Any CPU.ActiveCfg = Release|Any CPU
		{F591F1E8-3D6B-494A-B72A-152FCCA6210D}.Release|Any CPU.Build.0 = Release|Any CPU
		{6B05AF58-BA85-45A9-97AE-88B6B21317D7}.Debug|Any CPU.ActiveCfg = Debug|Any CPU
		{6B05AF58-BA85-45A9-97AE-88B6B21317D7}.Debug|Any CPU.Build.0 = Debug|Any CPU
		{6B05AF58-BA85-45A9-97AE-88B6B21317D7}.Release|Any CPU.ActiveCfg = Release|Any CPU
		{6B05AF58-BA85-45A9-97AE-88B6B21317D7}.Release|Any CPU.Build.0 = Release|Any CPU
	EndGlobalSection
	GlobalSection(SolutionProperties) = preSolution
		HideSolutionNode = FALSE
	EndGlobalSection
	GlobalSection(NestedProjects) = preSolution
		{22796879-968A-4C26-9B4B-4C44792B36DB} = {A51CE5B6-294F-4D39-B32B-BF08DAF9B40B}
		{F1EB6834-80A5-411C-90FD-CECC05715A10} = {A51CE5B6-294F-4D39-B32B-BF08DAF9B40B}
		{D7C645EB-7B85-45D5-AAA6-CAD3DE704381} = {F567B25C-E869-4C93-9C96-077761250F87}
		{D0CC8A22-CEE6-485C-924B-1F94426FEA59} = {681C45FB-103C-48BC-B992-20C5B6B78F92}
		{134EDD16-8DC8-4983-A2E0-B38DAB1ECF1C} = {681C45FB-103C-48BC-B992-20C5B6B78F92}
		{662D52AC-1EE9-4372-BD74-379F9AC56451} = {681C45FB-103C-48BC-B992-20C5B6B78F92}
		{889CEF81-75D6-4BAB-8E2C-B64B7CA97C77} = {681C45FB-103C-48BC-B992-20C5B6B78F92}
		{F591F1E8-3D6B-494A-B72A-152FCCA6210D} = {681C45FB-103C-48BC-B992-20C5B6B78F92}
		{6B05AF58-BA85-45A9-97AE-88B6B21317D7} = {681C45FB-103C-48BC-B992-20C5B6B78F92}
	EndGlobalSection
EndGlobal
