
Microsoft Visual Studio Solution File, Format Version 12.00
# Visual Studio 15
VisualStudioVersion = 15.0.27703.2035
MinimumVisualStudioVersion = 10.0.40219.1
Project("{9A19103F-16F7-4668-BE54-9A1E7A4F7556}") = "React.Site.Hooks", "React.Site.Hooks.csproj", "{2E2F78B4-2B07-41C9-B7DE-FB15373773BA}"
EndProject
Global
	GlobalSection(SolutionConfigurationPlatforms) = preSolution
		Debug|Any CPU = Debug|Any CPU
		Release|Any CPU = Release|Any CPU
	EndGlobalSection
	GlobalSection(ProjectConfigurationPlatforms) = postSolution
		{2E2F78B4-2B07-41C9-B7DE-FB15373773BA}.Debug|Any CPU.ActiveCfg = Debug|Any CPU
		{2E2F78B4-2B07-41C9-B7DE-FB15373773BA}.Debug|Any CPU.Build.0 = Debug|Any CPU
		{2E2F78B4-2B07-41C9-B7DE-FB15373773BA}.Release|Any CPU.ActiveCfg = Release|Any CPU
		{2E2F78B4-2B07-41C9-B7DE-FB15373773BA}.Release|Any CPU.Build.0 = Release|Any CPU
	EndGlobalSection
	GlobalSection(SolutionProperties) = preSolution
		HideSolutionNode = FALSE
	EndGlobalSection
	GlobalSection(ExtensibilityGlobals) = postSolution
		SolutionGuid = {EB3FA88F-C3DC-4BB3-907F-D38D058A1B46}
	EndGlobalSection
EndGlobal
